
Microsoft Visual Studio Solution File, Format Version 12.00
# Visual Studio 15
VisualStudioVersion = 15.0.27130.2020
MinimumVisualStudioVersion = 10.0.40219.1
Project("{9A19103F-16F7-4668-BE54-9A1E7A4F7556}") = "Server", "Server\Server.csproj", "{023D2A92-4AF6-4BD6-B375-B2F2B5D81265}"
EndProject
Global
	GlobalSection(SolutionConfigurationPlatforms) = preSolution
		Debug|Any CPU = Debug|Any CPU
		Release|Any CPU = Release|Any CPU
	EndGlobalSection
	GlobalSection(ProjectConfigurationPlatforms) = postSolution
		{023D2A92-4AF6-4BD6-B375-B2F2B5D81265}.Debug|Any CPU.ActiveCfg = Debug|Any CPU
		{023D2A92-4AF6-4BD6-B375-B2F2B5D81265}.Debug|Any CPU.Build.0 = Debug|Any CPU
		{023D2A92-4AF6-4BD6-B375-B2F2B5D81265}.Release|Any CPU.ActiveCfg = Release|Any CPU
		{023D2A92-4AF6-4BD6-B375-B2F2B5D81265}.Release|Any CPU.Build.0 = Release|Any CPU
	EndGlobalSection
	GlobalSection(SolutionProperties) = preSolution
		HideSolutionNode = FALSE
	EndGlobalSection
	GlobalSection(ExtensibilityGlobals) = postSolution
		SolutionGuid = {E321E309-0219-4CB3-99C7-B0D960CE8226}
	EndGlobalSection
EndGlobal
